
Microsoft Visual Studio Solution File, Format Version 12.00
# Visual Studio Version 16
VisualStudioVersion = 16.0.32510.428
MinimumVisualStudioVersion = 10.0.40219.1
Project("{9A19103F-16F7-4668-BE54-9A1E7A4F7556}") = "RestAPI", "RestAPI.csproj", "{7A85D910-8304-44A6-8F65-E2C17A073589}"
EndProject
Global
	GlobalSection(SolutionConfigurationPlatforms) = preSolution
		Debug|Any CPU = Debug|Any CPU
		Release|Any CPU = Release|Any CPU
	EndGlobalSection
	GlobalSection(ProjectConfigurationPlatforms) = postSolution
		{7A85D910-8304-44A6-8F65-E2C17A073589}.Debug|Any CPU.ActiveCfg = Debug|Any CPU
		{7A85D910-8304-44A6-8F65-E2C17A073589}.Debug|Any CPU.Build.0 = Debug|Any CPU
		{7A85D910-8304-44A6-8F65-E2C17A073589}.Release|Any CPU.ActiveCfg = Release|Any CPU
		{7A85D910-8304-44A6-8F65-E2C17A073589}.Release|Any CPU.Build.0 = Release|Any CPU
	EndGlobalSection
	GlobalSection(SolutionProperties) = preSolution
		HideSolutionNode = FALSE
	EndGlobalSection
	GlobalSection(ExtensibilityGlobals) = postSolution
		SolutionGuid = {18E45B4E-2127-4C36-8C31-4DC8BE0179F5}
	EndGlobalSection
EndGlobal
